
Microsoft Visual Studio Solution File, Format Version 12.00
# Visual Studio Version 17
VisualStudioVersion = 17.0.31903.59
MinimumVisualStudioVersion = 10.0.40219.1
Project("{FAE04EC0-301F-11D3-BF4B-00C04F79EFBC}") = "JungleGame.Core", "JungleGame.Core\JungleGame.Core.csproj", "{6C466F3C-FC40-4A06-A642-0ED271F2E900}"
EndProject
Project("{FAE04EC0-301F-11D3-BF4B-00C04F79EFBC}") = "JungleGame.UI", "JungleGame.UI\JungleGame.UI.csproj", "{46D24ED1-4482-4598-ACE3-96867B2E18AD}"
EndProject
Project("{FAE04EC0-301F-11D3-BF4B-00C04F79EFBC}") = "JungleGame.Tests", "JungleGame.Tests\JungleGame.Tests.csproj", "{467B7EC7-33E6-4166-8A52-4DECF2C4554A}"
EndProject
Global
	GlobalSection(SolutionConfigurationPlatforms) = preSolution
		Debug|Any CPU = Debug|Any CPU
		Release|Any CPU = Release|Any CPU
	EndGlobalSection
	GlobalSection(SolutionProperties) = preSolution
		HideSolutionNode = FALSE
	EndGlobalSection
	GlobalSection(ProjectConfigurationPlatforms) = postSolution
		{6C466F3C-FC40-4A06-A642-0ED271F2E900}.Debug|Any CPU.ActiveCfg = Debug|Any CPU
		{6C466F3C-FC40-4A06-A642-0ED271F2E900}.Debug|Any CPU.Build.0 = Debug|Any CPU
		{6C466F3C-FC40-4A06-A642-0ED271F2E900}.Release|Any CPU.ActiveCfg = Release|Any CPU
		{6C466F3C-FC40-4A06-A642-0ED271F2E900}.Release|Any CPU.Build.0 = Release|Any CPU
		{46D24ED1-4482-4598-ACE3-96867B2E18AD}.Debug|Any CPU.ActiveCfg = Debug|Any CPU
		{46D24ED1-4482-4598-ACE3-96867B2E18AD}.Debug|Any CPU.Build.0 = Debug|Any CPU
		{46D24ED1-4482-4598-ACE3-96867B2E18AD}.Release|Any CPU.ActiveCfg = Release|Any CPU
		{46D24ED1-4482-4598-ACE3-96867B2E18AD}.Release|Any CPU.Build.0 = Release|Any CPU
		{467B7EC7-33E6-4166-8A52-4DECF2C4554A}.Debug|Any CPU.ActiveCfg = Debug|Any CPU
		{467B7EC7-33E6-4166-8A52-4DECF2C4554A}.Debug|Any CPU.Build.0 = Debug|Any CPU
		{467B7EC7-33E6-4166-8A52-4DECF2C4554A}.Release|Any CPU.ActiveCfg = Release|Any CPU
		{467B7EC7-33E6-4166-8A52-4DECF2C4554A}.Release|Any CPU.Build.0 = Release|Any CPU
	EndGlobalSection
EndGlobal
